
Microsoft Visual Studio Solution File, Format Version 12.00
# Visual Studio Version 16
VisualStudioVersion = 16.0.29519.87
MinimumVisualStudioVersion = 10.0.40219.1
Project("{9A19103F-16F7-4668-BE54-9A1E7A4F7556}") = "ConsoleApp3", "ConsoleApp3\ConsoleApp3.csproj", "{EDF00EC8-1CBA-46B5-8B68-E362F1AE8F9F}"
EndProject
Project("{9A19103F-16F7-4668-BE54-9A1E7A4F7556}") = "Math.Services", "Math.Services\Math.Services.csproj", "{923B30FE-F79C-4D5A-AAAD-354415017239}"
EndProject
Project("{9A19103F-16F7-4668-BE54-9A1E7A4F7556}") = "Math.Services.Tests", "Math.Services.Tests\Math.Services.Tests.csproj", "{B5F6C1CE-5E81-49F0-A64D-6521E9C89BD9}"
EndProject
Project("{9A19103F-16F7-4668-BE54-9A1E7A4F7556}") = "ConsoleTools", "ConsoleTools\ConsoleTools.csproj", "{99ECCDEF-9F86-41B1-9C77-1B24F703360C}"
EndProject
Global
	GlobalSection(SolutionConfigurationPlatforms) = preSolution
		Debug|Any CPU = Debug|Any CPU
		Release|Any CPU = Release|Any CPU
	EndGlobalSection
	GlobalSection(ProjectConfigurationPlatforms) = postSolution
		{EDF00EC8-1CBA-46B5-8B68-E362F1AE8F9F}.Debug|Any CPU.ActiveCfg = Debug|Any CPU
		{EDF00EC8-1CBA-46B5-8B68-E362F1AE8F9F}.Debug|Any CPU.Build.0 = Debug|Any CPU
		{EDF00EC8-1CBA-46B5-8B68-E362F1AE8F9F}.Release|Any CPU.ActiveCfg = Release|Any CPU
		{EDF00EC8-1CBA-46B5-8B68-E362F1AE8F9F}.Release|Any CPU.Build.0 = Release|Any CPU
		{923B30FE-F79C-4D5A-AAAD-354415017239}.Debug|Any CPU.ActiveCfg = Debug|Any CPU
		{923B30FE-F79C-4D5A-AAAD-354415017239}.Debug|Any CPU.Build.0 = Debug|Any CPU
		{923B30FE-F79C-4D5A-AAAD-354415017239}.Release|Any CPU.ActiveCfg = Release|Any CPU
		{923B30FE-F79C-4D5A-AAAD-354415017239}.Release|Any CPU.Build.0 = Release|Any CPU
		{B5F6C1CE-5E81-49F0-A64D-6521E9C89BD9}.Debug|Any CPU.ActiveCfg = Debug|Any CPU
		{B5F6C1CE-5E81-49F0-A64D-6521E9C89BD9}.Debug|Any CPU.Build.0 = Debug|Any CPU
		{B5F6C1CE-5E81-49F0-A64D-6521E9C89BD9}.Release|Any CPU.ActiveCfg = Release|Any CPU
		{B5F6C1CE-5E81-49F0-A64D-6521E9C89BD9}.Release|Any CPU.Build.0 = Release|Any CPU
		{99ECCDEF-9F86-41B1-9C77-1B24F703360C}.Debug|Any CPU.ActiveCfg = Debug|Any CPU
		{99ECCDEF-9F86-41B1-9C77-1B24F703360C}.Debug|Any CPU.Build.0 = Debug|Any CPU
		{99ECCDEF-9F86-41B1-9C77-1B24F703360C}.Release|Any CPU.ActiveCfg = Release|Any CPU
		{99ECCDEF-9F86-41B1-9C77-1B24F703360C}.Release|Any CPU.Build.0 = Release|Any CPU
	EndGlobalSection
	GlobalSection(SolutionProperties) = preSolution
		HideSolutionNode = FALSE
	EndGlobalSection
	GlobalSection(ExtensibilityGlobals) = postSolution
		SolutionGuid = {BDEB4014-F049-402B-98A1-14B1C9E97915}
	EndGlobalSection
EndGlobal
